
Microsoft Visual Studio Solution File, Format Version 12.00
# Visual Studio Version 17
VisualStudioVersion = 17.9.34622.214
MinimumVisualStudioVersion = 10.0.40219.1
Project("{FAE04EC0-301F-11D3-BF4B-00C04F79EFBC}") = "Sum_Minus", "Sum_Minus.csproj", "{6504C248-2E8D-4E01-82AF-9D0027F15C55}"
EndProject
Project("{FAE04EC0-301F-11D3-BF4B-00C04F79EFBC}") = "Sum_Minus.Services", "..\Sum_Minus.Services\Sum_Minus.Services.csproj", "{AE0B41CE-83B4-47D2-B934-593A10C2750A}"
EndProject
Project("{FAE04EC0-301F-11D3-BF4B-00C04F79EFBC}") = "Sum_Minus.Entities", "..\Sum_Minus.Entities\Sum_Minus.Entities.csproj", "{938ABBC1-85BA-4915-A46A-01D5166BCF2D}"
EndProject
Global
	GlobalSection(SolutionConfigurationPlatforms) = preSolution
		Debug|Any CPU = Debug|Any CPU
		Release|Any CPU = Release|Any CPU
	EndGlobalSection
	GlobalSection(ProjectConfigurationPlatforms) = postSolution
		{6504C248-2E8D-4E01-82AF-9D0027F15C55}.Debug|Any CPU.ActiveCfg = Debug|Any CPU
		{6504C248-2E8D-4E01-82AF-9D0027F15C55}.Debug|Any CPU.Build.0 = Debug|Any CPU
		{6504C248-2E8D-4E01-82AF-9D0027F15C55}.Release|Any CPU.ActiveCfg = Release|Any CPU
		{6504C248-2E8D-4E01-82AF-9D0027F15C55}.Release|Any CPU.Build.0 = Release|Any CPU
		{AE0B41CE-83B4-47D2-B934-593A10C2750A}.Debug|Any CPU.ActiveCfg = Debug|Any CPU
		{AE0B41CE-83B4-47D2-B934-593A10C2750A}.Debug|Any CPU.Build.0 = Debug|Any CPU
		{AE0B41CE-83B4-47D2-B934-593A10C2750A}.Release|Any CPU.ActiveCfg = Release|Any CPU
		{AE0B41CE-83B4-47D2-B934-593A10C2750A}.Release|Any CPU.Build.0 = Release|Any CPU
		{938ABBC1-85BA-4915-A46A-01D5166BCF2D}.Debug|Any CPU.ActiveCfg = Debug|Any CPU
		{938ABBC1-85BA-4915-A46A-01D5166BCF2D}.Debug|Any CPU.Build.0 = Debug|Any CPU
		{938ABBC1-85BA-4915-A46A-01D5166BCF2D}.Release|Any CPU.ActiveCfg = Release|Any CPU
		{938ABBC1-85BA-4915-A46A-01D5166BCF2D}.Release|Any CPU.Build.0 = Release|Any CPU
	EndGlobalSection
	GlobalSection(SolutionProperties) = preSolution
		HideSolutionNode = FALSE
	EndGlobalSection
	GlobalSection(ExtensibilityGlobals) = postSolution
		SolutionGuid = {7B1E0BA6-6E0D-4241-8E95-996F527EEFDB}
	EndGlobalSection
EndGlobal
